<?xml version="1.0" encoding="utf-8"?>
<Project ToolsVersion="4.0" xmlns="http://schemas.microsoft.com/developer/msbuild/2003">
  <ItemGroup>
    <Filter Include="cilent">
      <UniqueIdentifier>{53f78e04-c69e-4aee-84d3-bb010d2b0332}</UniqueIdentifier>
    </Filter>
    <Filter Include="cilent\http">
      <UniqueIdentifier>{9140c19c-1dc6-41f6-9093-362a3f593786}</UniqueIdentifier>
    </Filter>
    <Filter Include="cilent\json-rpc">
      <UniqueIdentifier>{99e17190-84d8-45c2-ac0f-6163bdc4342d}</UniqueIdentifier>
    </Filter>
    <Filter Include="cilent\mining">
      <UniqueIdentifier>{251a6556-b2c0-4461-838c-d9f01e8d38ef}</UniqueIdentifier>
    </Filter>
    <Filter Include="cilent\pool_lists">
      <UniqueIdentifier>{c560e0aa-f579-47e5-b446-f925b121ff1c}</UniqueIdentifier>
    </Filter>
    <Filter Include="cilent\uthash">
      <UniqueIdentifier>{05ad40bf-ba0a-4812-8056-eadb9fd08c8b}</UniqueIdentifier>
    </Filter>
    <Filter Include="cilent\utils">
      <UniqueIdentifier>{d8ca9afa-a66d-4c27-81da-84134ba5c29f}</UniqueIdentifier>
    </Filter>
  </ItemGroup>
  <ItemGroup>
    <ClInclude Include="..\..\client\address.h">
      <Filter>cilent</Filter>
    </ClInclude>
    <ClInclude Include="..\..\client\commands.h">
      <Filter>cilent</Filter>
    </ClInclude>
    <ClInclude Include="..\..\client\crypt.h">
      <Filter>cilent</Filter>
    </ClInclude>
    <ClInclude Include="..\..\client\init.h">
      <Filter>cilent</Filter>
    </ClInclude>
    <ClInclude Include="..\..\client\math.h">
      <Filter>cilent</Filter>
    </ClInclude>
    <ClInclude Include="..\..\client\system.h">
      <Filter>cilent</Filter>
    </ClInclude>
    <ClInclude Include="..\..\client\hash.h">
      <Filter>cilent</Filter>
    </ClInclude>
    <ClInclude Include="..\..\client\network.h">
      <Filter>cilent</Filter>
    </ClInclude>
    <ClInclude Include="..\..\client\memory.h">
      <Filter>cilent</Filter>
    </ClInclude>
    <ClInclude Include="..\..\client\netdb.h">
      <Filter>cilent</Filter>
    </ClInclude>
    <ClInclude Include="..\..\client\sha256.h">
      <Filter>cilent</Filter>
    </ClInclude>
    <ClInclude Include="..\..\client\state.h">
      <Filter>cilent</Filter>
    </ClInclude>
    <ClInclude Include="..\..\client\storage.h">
      <Filter>cilent</Filter>
    </ClInclude>
    <ClInclude Include="..\..\client\sync.h">
      <Filter>cilent</Filter>
    </ClInclude>
    <ClInclude Include="..\..\client\terminal.h">
      <Filter>cilent</Filter>
    </ClInclude>
    <ClInclude Include="..\..\client\time.h">
      <Filter>cilent</Filter>
    </ClInclude>
    <ClInclude Include="..\..\client\transport.h">
      <Filter>cilent</Filter>
    </ClInclude>
    <ClInclude Include="..\..\client\types.h">
      <Filter>cilent</Filter>
    </ClInclude>
    <ClInclude Include="..\..\client\wallet.h">
      <Filter>cilent</Filter>
    </ClInclude>
    <ClInclude Include="..\..\client\http\http.h">
      <Filter>cilent\http</Filter>
    </ClInclude>
    <ClInclude Include="..\..\client\http\url.h">
      <Filter>cilent\http</Filter>
    </ClInclude>
    <ClInclude Include="..\..\client\json-rpc\cJSON.h">
      <Filter>cilent\json-rpc</Filter>
    </ClInclude>
    <ClInclude Include="..\..\client\json-rpc\cJSON_Utils.h">
      <Filter>cilent\json-rpc</Filter>
    </ClInclude>
    <ClInclude Include="..\..\client\json-rpc\rpc_commands.h">
      <Filter>cilent\json-rpc</Filter>
    </ClInclude>
    <ClInclude Include="..\..\client\json-rpc\rpc_procedure.h">
      <Filter>cilent\json-rpc</Filter>
    </ClInclude>
    <ClInclude Include="..\..\client\json-rpc\rpc_procedures.h">
      <Filter>cilent\json-rpc</Filter>
    </ClInclude>
    <ClInclude Include="..\..\client\json-rpc\rpc_service.h">
      <Filter>cilent\json-rpc</Filter>
    </ClInclude>
    <ClInclude Include="..\..\client\json-rpc\rpc_wrapper.h">
      <Filter>cilent\json-rpc</Filter>
    </ClInclude>
  </ItemGroup>
  <ItemGroup>
    <ClCompile Include="..\..\client\address.c">
      <Filter>cilent</Filter>
    </ClCompile>
    <ClCompile Include="..\..\client\block.c">
      <Filter>cilent</Filter>
    </ClCompile>
    <ClCompile Include="..\..\client\commands.c">
      <Filter>cilent</Filter>
    </ClCompile>
    <ClCompile Include="..\..\client\crypt.c">
      <Filter>cilent</Filter>
    </ClCompile>
    <ClCompile Include="..\..\client\init.c">
      <Filter>cilent</Filter>
    </ClCompile>
    <ClCompile Include="..\..\client\math.c">
      <Filter>cilent</Filter>
    </ClCompile>
    <ClCompile Include="..\..\client\hash.c">
      <Filter>cilent</Filter>
    </ClCompile>
    <ClCompile Include="..\..\client\network.c">
      <Filter>cilent</Filter>
    </ClCompile>
    <ClCompile Include="..\..\client\memory.c">
      <Filter>cilent</Filter>
    </ClCompile>
    <ClCompile Include="..\..\client\netdb.c">
      <Filter>cilent</Filter>
    </ClCompile>
    <ClCompile Include="..\..\client\sha256.c">
      <Filter>cilent</Filter>
    </ClCompile>
    <ClCompile Include="..\..\client\storage.c">
      <Filter>cilent</Filter>
    </ClCompile>
    <ClCompile Include="..\..\client\sync.c">
      <Filter>cilent</Filter>
    </ClCompile>
    <ClCompile Include="..\..\client\terminal.c">
      <Filter>cilent</Filter>
    </ClCompile>
    <ClCompile Include="..\..\client\time.c">
      <Filter>cilent</Filter>
    </ClCompile>
    <ClCompile Include="..\..\client\transport.c">
      <Filter>cilent</Filter>
    </ClCompile>
    <ClCompile Include="..\..\client\wallet.c">
      <Filter>cilent</Filter>
    </ClCompile>
    <ClCompile Include="..\..\client\http\http.c">
      <Filter>cilent\http</Filter>
    </ClCompile>
    <ClCompile Include="..\..\client\http\url.c">
      <Filter>cilent\http</Filter>
    </ClCompile>
    <ClCompile Include="..\..\client\json-rpc\cJSON.c">
      <Filter>cilent\json-rpc</Filter>
    </ClCompile>
    <ClCompile Include="..\..\client\json-rpc\cJSON_Utils.c">
      <Filter>cilent\json-rpc</Filter>
    </ClCompile>
    <ClCompile Include="..\..\client\json-rpc\rpc_commands.c">
      <Filter>cilent\json-rpc</Filter>
    </ClCompile>
    <ClCompile Include="..\..\client\json-rpc\rpc_procedure.c">
      <Filter>cilent\json-rpc</Filter>
    </ClCompile>
    <ClCompile Include="..\..\client\json-rpc\rpc_procedures.c">
      <Filter>cilent\json-rpc</Filter>
    </ClCompile>
    <ClCompile Include="..\..\client\json-rpc\rpc_service.c">
      <Filter>cilent\json-rpc</Filter>
    </ClCompile>
    <ClCompile Include="..\..\client\json-rpc\rpc_wrapper.c">
      <Filter>cilent\json-rpc</Filter>
    </ClCompile>
  </ItemGroup>
</Project>