
Microsoft Visual Studio Solution File, Format Version 12.00
# Visual Studio 15
VisualStudioVersion = 15.0.27703.2047
MinimumVisualStudioVersion = 10.0.40219.1
Project("{8BC9CEB8-8B4A-11D0-8D11-00A0C91BC942}") = "hpips_dag_lib", "hpips_dag_lib\hpips_dag_lib.vcxproj", "{0B8EA0D8-EECA-4EFF-8EF5-D4EB744A73CA}"
EndProject
Project("{8BC9CEB8-8B4A-11D0-8D11-00A0C91BC942}") = "hpips_dag", "hpips_dag\hpips_dag.vcxproj", "{E66556D6-800C-4CBC-82E7-DC6435565A02}"
EndProject
Project("{8BC9CEB8-8B4A-11D0-8D11-00A0C91BC942}") = "xdaglib", "xdaglib\xdaglib.vcxproj", "{49C6CE86-04E0-4431-B55F-A6CE88268996}"
EndProject
Global
	GlobalSection(SolutionConfigurationPlatforms) = preSolution
		Debug|x64 = Debug|x64
		Debug|x86 = Debug|x86
		Release_profiling|x64 = Release_profiling|x64
		Release_profiling|x86 = Release_profiling|x86
		Release|x64 = Release|x64
		Release|x86 = Release|x86
	EndGlobalSection
	GlobalSection(ProjectConfigurationPlatforms) = postSolution
		{0B8EA0D8-EECA-4EFF-8EF5-D4EB744A73CA}.Debug|x64.ActiveCfg = Debug|x64
		{0B8EA0D8-EECA-4EFF-8EF5-D4EB744A73CA}.Debug|x64.Build.0 = Debug|x64
		{0B8EA0D8-EECA-4EFF-8EF5-D4EB744A73CA}.Debug|x86.ActiveCfg = Debug|Win32
		{0B8EA0D8-EECA-4EFF-8EF5-D4EB744A73CA}.Debug|x86.Build.0 = Debug|Win32
		{0B8EA0D8-EECA-4EFF-8EF5-D4EB744A73CA}.Release_profiling|x64.ActiveCfg = Release|x64
		{0B8EA0D8-EECA-4EFF-8EF5-D4EB744A73CA}.Release_profiling|x64.Build.0 = Release|x64
		{0B8EA0D8-EECA-4EFF-8EF5-D4EB744A73CA}.Release_profiling|x86.ActiveCfg = Release|Win32
		{0B8EA0D8-EECA-4EFF-8EF5-D4EB744A73CA}.Release_profiling|x86.Build.0 = Release|Win32
		{0B8EA0D8-EECA-4EFF-8EF5-D4EB744A73CA}.Release|x64.ActiveCfg = Release|x64
		{0B8EA0D8-EECA-4EFF-8EF5-D4EB744A73CA}.Release|x64.Build.0 = Release|x64
		{0B8EA0D8-EECA-4EFF-8EF5-D4EB744A73CA}.Release|x86.ActiveCfg = Release|Win32
		{0B8EA0D8-EECA-4EFF-8EF5-D4EB744A73CA}.Release|x86.Build.0 = Release|Win32
		{E66556D6-800C-4CBC-82E7-DC6435565A02}.Debug|x64.ActiveCfg = Debug|x64
		{E66556D6-800C-4CBC-82E7-DC6435565A02}.Debug|x64.Build.0 = Debug|x64
		{E66556D6-800C-4CBC-82E7-DC6435565A02}.Debug|x86.ActiveCfg = Debug|Win32
		{E66556D6-800C-4CBC-82E7-DC6435565A02}.Debug|x86.Build.0 = Debug|Win32
		{E66556D6-800C-4CBC-82E7-DC6435565A02}.Release_profiling|x64.ActiveCfg = Release|x64
		{E66556D6-800C-4CBC-82E7-DC6435565A02}.Release_profiling|x64.Build.0 = Release|x64
		{E66556D6-800C-4CBC-82E7-DC6435565A02}.Release_profiling|x86.ActiveCfg = Release|Win32
		{E66556D6-800C-4CBC-82E7-DC6435565A02}.Release_profiling|x86.Build.0 = Release|Win32
		{E66556D6-800C-4CBC-82E7-DC6435565A02}.Release|x64.ActiveCfg = Release|x64
		{E66556D6-800C-4CBC-82E7-DC6435565A02}.Release|x64.Build.0 = Release|x64
		{E66556D6-800C-4CBC-82E7-DC6435565A02}.Release|x86.ActiveCfg = Release|Win32
		{E66556D6-800C-4CBC-82E7-DC6435565A02}.Release|x86.Build.0 = Release|Win32
		{49C6CE86-04E0-4431-B55F-A6CE88268996}.Debug|x64.ActiveCfg = Debug|x64
		{49C6CE86-04E0-4431-B55F-A6CE88268996}.Debug|x64.Build.0 = Debug|x64
		{49C6CE86-04E0-4431-B55F-A6CE88268996}.Debug|x86.ActiveCfg = Debug|Win32
		{49C6CE86-04E0-4431-B55F-A6CE88268996}.Debug|x86.Build.0 = Debug|Win32
		{49C6CE86-04E0-4431-B55F-A6CE88268996}.Release_profiling|x64.ActiveCfg = Release_profiling|x64
		{49C6CE86-04E0-4431-B55F-A6CE88268996}.Release_profiling|x64.Build.0 = Release_profiling|x64
		{49C6CE86-04E0-4431-B55F-A6CE88268996}.Release_profiling|x86.ActiveCfg = Release_profiling|Win32
		{49C6CE86-04E0-4431-B55F-A6CE88268996}.Release_profiling|x86.Build.0 = Release_profiling|Win32
		{49C6CE86-04E0-4431-B55F-A6CE88268996}.Release|x64.ActiveCfg = Release|x64
		{49C6CE86-04E0-4431-B55F-A6CE88268996}.Release|x64.Build.0 = Release|x64
		{49C6CE86-04E0-4431-B55F-A6CE88268996}.Release|x86.ActiveCfg = Release|Win32
		{49C6CE86-04E0-4431-B55F-A6CE88268996}.Release|x86.Build.0 = Release|Win32
	EndGlobalSection
	GlobalSection(SolutionProperties) = preSolution
		HideSolutionNode = FALSE
	EndGlobalSection
	GlobalSection(ExtensibilityGlobals) = postSolution
		SolutionGuid = {D0037D25-3912-4920-B0FE-8111CD85F835}
	EndGlobalSection
EndGlobal
